
Microsoft Visual Studio Solution File, Format Version 12.00
# Visual Studio Version 17
VisualStudioVersion = 17.10.34607.79
MinimumVisualStudioVersion = 10.0.40219.1
Project("{9A19103F-16F7-4668-BE54-9A1E7A4F7556}") = "AdServerPlugin", "AdServerPlugin\AdServerPlugin.csproj", "{A4684F91-F04B-4000-8B7F-324003D4DDD0}"
EndProject
Project("{FAE04EC0-301F-11D3-BF4B-00C04F79EFBC}") = "AdServerEditor", "Editor\AdServerEditor.csproj", "{4FFEAE8C-93D2-4345-9F23-D2CF49BD5447}"
EndProject
Global
	GlobalSection(SolutionConfigurationPlatforms) = preSolution
		Debug|Any CPU = Debug|Any CPU
		Release|Any CPU = Release|Any CPU
	EndGlobalSection
	GlobalSection(ProjectConfigurationPlatforms) = postSolution
		{A4684F91-F04B-4000-8B7F-324003D4DDD0}.Debug|Any CPU.ActiveCfg = Debug|Any CPU
		{A4684F91-F04B-4000-8B7F-324003D4DDD0}.Debug|Any CPU.Build.0 = Debug|Any CPU
		{A4684F91-F04B-4000-8B7F-324003D4DDD0}.Release|Any CPU.ActiveCfg = Release|Any CPU
		{A4684F91-F04B-4000-8B7F-324003D4DDD0}.Release|Any CPU.Build.0 = Release|Any CPU
		{4FFEAE8C-93D2-4345-9F23-D2CF49BD5447}.Debug|Any CPU.ActiveCfg = Debug|Any CPU
		{4FFEAE8C-93D2-4345-9F23-D2CF49BD5447}.Debug|Any CPU.Build.0 = Debug|Any CPU
		{4FFEAE8C-93D2-4345-9F23-D2CF49BD5447}.Release|Any CPU.ActiveCfg = Release|Any CPU
		{4FFEAE8C-93D2-4345-9F23-D2CF49BD5447}.Release|Any CPU.Build.0 = Release|Any CPU
	EndGlobalSection
	GlobalSection(SolutionProperties) = preSolution
		HideSolutionNode = FALSE
	EndGlobalSection
	GlobalSection(ExtensibilityGlobals) = postSolution
		SolutionGuid = {FC83EED3-4F13-4A64-A45E-1D0CA202D72F}
	EndGlobalSection
EndGlobal
